// !$*UTF8*$!
{
	archiveVersion = 1;
	classes = {
	};
	objectVersion = 56;
	objects = {

/* Begin PBXBuildFile section */
		3701CF8B2B0ED21C000D8EB0 /* CustomFontModifier.swift in Sources */ = {isa = PBXBuildFile; fileRef = 3701CF8A2B0ED21C000D8EB0 /* CustomFontModifier.swift */; };
		3701CF8D2B0ED456000D8EB0 /* Montserrat-SemiBold.ttf in Resources */ = {isa = PBXBuildFile; fileRef = 3701CF8C2B0ED456000D8EB0 /* Montserrat-SemiBold.ttf */; };
		37E3566B2B0D23BD001E56C8 /* Montserrat-Medium.ttf in Resources */ = {isa = PBXBuildFile; fileRef = 37E356642B0D23BD001E56C8 /* Montserrat-Medium.ttf */; };
		37E3566D2B0D23BD001E56C8 /* Montserrat-Bold.ttf in Resources */ = {isa = PBXBuildFile; fileRef = 37E356662B0D23BD001E56C8 /* Montserrat-Bold.ttf */; };
		37E356712B0D23BD001E56C8 /* Montserrat-Regular.ttf in Resources */ = {isa = PBXBuildFile; fileRef = 37E3566A2B0D23BD001E56C8 /* Montserrat-Regular.ttf */; };
		46C8C62D2B0C8725001598DD /* AppDelegate.swift in Sources */ = {isa = PBXBuildFile; fileRef = 46C8C62C2B0C8725001598DD /* AppDelegate.swift */; };
		46C8C62F2B0C8725001598DD /* SceneDelegate.swift in Sources */ = {isa = PBXBuildFile; fileRef = 46C8C62E2B0C8725001598DD /* SceneDelegate.swift */; };
		46C8C6342B0C8725001598DD /* Main.storyboard in Resources */ = {isa = PBXBuildFile; fileRef = 46C8C6322B0C8725001598DD /* Main.storyboard */; };
		46C8C6362B0C8727001598DD /* Assets.xcassets in Resources */ = {isa = PBXBuildFile; fileRef = 46C8C6352B0C8727001598DD /* Assets.xcassets */; };
		46C8C6392B0C8727001598DD /* LaunchScreen.storyboard in Resources */ = {isa = PBXBuildFile; fileRef = 46C8C6372B0C8727001598DD /* LaunchScreen.storyboard */; };
		46C8C6442B0C8728001598DD /* themoviedbTests.swift in Sources */ = {isa = PBXBuildFile; fileRef = 46C8C6432B0C8728001598DD /* themoviedbTests.swift */; };
		46C8C64E2B0C8728001598DD /* themoviedbUITests.swift in Sources */ = {isa = PBXBuildFile; fileRef = 46C8C64D2B0C8728001598DD /* themoviedbUITests.swift */; };
		46C8C6502B0C8728001598DD /* themoviedbUITestsLaunchTests.swift in Sources */ = {isa = PBXBuildFile; fileRef = 46C8C64F2B0C8728001598DD /* themoviedbUITestsLaunchTests.swift */; };
		46C8C65F2B0C879C001598DD /* NetworkManager.swift in Sources */ = {isa = PBXBuildFile; fileRef = 46C8C65E2B0C879C001598DD /* NetworkManager.swift */; };
		46C8C6612B0C87EA001598DD /* NetworkSession.swift in Sources */ = {isa = PBXBuildFile; fileRef = 46C8C6602B0C87EA001598DD /* NetworkSession.swift */; };
		46C8C6632B0C8941001598DD /* NetworkUtils.swift in Sources */ = {isa = PBXBuildFile; fileRef = 46C8C6622B0C8941001598DD /* NetworkUtils.swift */; };
		46C8C6652B0C8B43001598DD /* ApiRequest.swift in Sources */ = {isa = PBXBuildFile; fileRef = 46C8C6642B0C8B43001598DD /* ApiRequest.swift */; };
		46C8C6672B0C8BCF001598DD /* NetworkEncoding.swift in Sources */ = {isa = PBXBuildFile; fileRef = 46C8C6662B0C8BCF001598DD /* NetworkEncoding.swift */; };
		46C8C66A2B0C90E7001598DD /* MovieService.swift in Sources */ = {isa = PBXBuildFile; fileRef = 46C8C6692B0C90E7001598DD /* MovieService.swift */; };
		46C8C66C2B0C91D1001598DD /* Constants.swift in Sources */ = {isa = PBXBuildFile; fileRef = 46C8C66B2B0C91D1001598DD /* Constants.swift */; };
		46C8C6712B0C9595001598DD /* TvShowViewModel.swift in Sources */ = {isa = PBXBuildFile; fileRef = 46C8C6702B0C9595001598DD /* TvShowViewModel.swift */; };
		46C8C6732B0C961B001598DD /* MovieProvider.swift in Sources */ = {isa = PBXBuildFile; fileRef = 46C8C6722B0C961B001598DD /* MovieProvider.swift */; };
		46C8C6752B0C966F001598DD /* TVShowModel.swift in Sources */ = {isa = PBXBuildFile; fileRef = 46C8C6742B0C966F001598DD /* TVShowModel.swift */; };
		46C8C6772B0C9B4A001598DD /* SeasonDetailModel.swift in Sources */ = {isa = PBXBuildFile; fileRef = 46C8C6762B0C9B4A001598DD /* SeasonDetailModel.swift */; };
		46C8C6792B0CA37E001598DD /* Network-Extension.swift in Sources */ = {isa = PBXBuildFile; fileRef = 46C8C6782B0CA37E001598DD /* Network-Extension.swift */; };
		46C8C67B2B0CA4FC001598DD /* TVShowDetailModel.swift in Sources */ = {isa = PBXBuildFile; fileRef = 46C8C67A2B0CA4FC001598DD /* TVShowDetailModel.swift */; };
		46C8C67F2B0CB934001598DD /* ShowDetailViewModel.swift in Sources */ = {isa = PBXBuildFile; fileRef = 46C8C67E2B0CB934001598DD /* ShowDetailViewModel.swift */; };
		4ABCBB362B0E4CF0008E1C56 /* ShowDetailView.swift in Sources */ = {isa = PBXBuildFile; fileRef = 4ABCBB352B0E4CF0008E1C56 /* ShowDetailView.swift */; };
		4ABCBB3D2B0E588F008E1C56 /* Extensions.swift in Sources */ = {isa = PBXBuildFile; fileRef = 4ABCBB3C2B0E588F008E1C56 /* Extensions.swift */; };
		4ABCBB402B0E6E95008E1C56 /* VideoPlayerView.swift in Sources */ = {isa = PBXBuildFile; fileRef = 4ABCBB3F2B0E6E95008E1C56 /* VideoPlayerView.swift */; };
		4ABCBB422B0E7015008E1C56 /* TabPagerView.swift in Sources */ = {isa = PBXBuildFile; fileRef = 4ABCBB412B0E7015008E1C56 /* TabPagerView.swift */; };
		4ABCBB442B0E777C008E1C56 /* EpisodeView.swift in Sources */ = {isa = PBXBuildFile; fileRef = 4ABCBB432B0E777C008E1C56 /* EpisodeView.swift */; };
		4ABCBB472B0E818A008E1C56 /* ActivityIndicatorView.swift in Sources */ = {isa = PBXBuildFile; fileRef = 4ABCBB462B0E818A008E1C56 /* ActivityIndicatorView.swift */; };
		4ABCBB492B0E8736008E1C56 /* CustomLoader.swift in Sources */ = {isa = PBXBuildFile; fileRef = 4ABCBB482B0E8736008E1C56 /* CustomLoader.swift */; };
		4AC46E4E2B0DEB5C00E66A8A /* TVShowsHomeView.swift in Sources */ = {isa = PBXBuildFile; fileRef = 4AC46E4D2B0DEB5C00E66A8A /* TVShowsHomeView.swift */; };
		4AC46E512B0E283300E66A8A /* RemoteImageView.swift in Sources */ = {isa = PBXBuildFile; fileRef = 4AC46E502B0E283300E66A8A /* RemoteImageView.swift */; };
/* End PBXBuildFile section */

/* Begin PBXContainerItemProxy section */
		46C8C6402B0C8728001598DD /* PBXContainerItemProxy */ = {
			isa = PBXContainerItemProxy;
			containerPortal = 46C8C6212B0C8725001598DD /* Project object */;
			proxyType = 1;
			remoteGlobalIDString = 46C8C6282B0C8725001598DD;
			remoteInfo = themoviedb;
		};
		46C8C64A2B0C8728001598DD /* PBXContainerItemProxy */ = {
			isa = PBXContainerItemProxy;
			containerPortal = 46C8C6212B0C8725001598DD /* Project object */;
			proxyType = 1;
			remoteGlobalIDString = 46C8C6282B0C8725001598DD;
			remoteInfo = themoviedb;
		};
/* End PBXContainerItemProxy section */

/* Begin PBXFileReference section */
		3701CF8A2B0ED21C000D8EB0 /* CustomFontModifier.swift */ = {isa = PBXFileReference; lastKnownFileType = sourcecode.swift; path = CustomFontModifier.swift; sourceTree = "<group>"; };
		3701CF8C2B0ED456000D8EB0 /* Montserrat-SemiBold.ttf */ = {isa = PBXFileReference; lastKnownFileType = file; path = "Montserrat-SemiBold.ttf"; sourceTree = "<group>"; };
		37E356642B0D23BD001E56C8 /* Montserrat-Medium.ttf */ = {isa = PBXFileReference; lastKnownFileType = file; path = "Montserrat-Medium.ttf"; sourceTree = "<group>"; };
		37E356662B0D23BD001E56C8 /* Montserrat-Bold.ttf */ = {isa = PBXFileReference; lastKnownFileType = file; path = "Montserrat-Bold.ttf"; sourceTree = "<group>"; };
		37E3566A2B0D23BD001E56C8 /* Montserrat-Regular.ttf */ = {isa = PBXFileReference; lastKnownFileType = file; path = "Montserrat-Regular.ttf"; sourceTree = "<group>"; };
		46C8C6292B0C8725001598DD /* themoviedb.app */ = {isa = PBXFileReference; explicitFileType = wrapper.application; includeInIndex = 0; path = themoviedb.app; sourceTree = BUILT_PRODUCTS_DIR; };
		46C8C62C2B0C8725001598DD /* AppDelegate.swift */ = {isa = PBXFileReference; lastKnownFileType = sourcecode.swift; path = AppDelegate.swift; sourceTree = "<group>"; };
		46C8C62E2B0C8725001598DD /* SceneDelegate.swift */ = {isa = PBXFileReference; lastKnownFileType = sourcecode.swift; path = SceneDelegate.swift; sourceTree = "<group>"; };
		46C8C6332B0C8725001598DD /* Base */ = {isa = PBXFileReference; lastKnownFileType = file.storyboard; name = Base; path = Base.lproj/Main.storyboard; sourceTree = "<group>"; };
		46C8C6352B0C8727001598DD /* Assets.xcassets */ = {isa = PBXFileReference; lastKnownFileType = folder.assetcatalog; path = Assets.xcassets; sourceTree = "<group>"; };
		46C8C6382B0C8727001598DD /* Base */ = {isa = PBXFileReference; lastKnownFileType = file.storyboard; name = Base; path = Base.lproj/LaunchScreen.storyboard; sourceTree = "<group>"; };
		46C8C63A2B0C8727001598DD /* Info.plist */ = {isa = PBXFileReference; lastKnownFileType = text.plist.xml; path = Info.plist; sourceTree = "<group>"; };
		46C8C63F2B0C8728001598DD /* themoviedbTests.xctest */ = {isa = PBXFileReference; explicitFileType = wrapper.cfbundle; includeInIndex = 0; path = themoviedbTests.xctest; sourceTree = BUILT_PRODUCTS_DIR; };
		46C8C6432B0C8728001598DD /* themoviedbTests.swift */ = {isa = PBXFileReference; lastKnownFileType = sourcecode.swift; path = themoviedbTests.swift; sourceTree = "<group>"; };
		46C8C6492B0C8728001598DD /* themoviedbUITests.xctest */ = {isa = PBXFileReference; explicitFileType = wrapper.cfbundle; includeInIndex = 0; path = themoviedbUITests.xctest; sourceTree = BUILT_PRODUCTS_DIR; };
		46C8C64D2B0C8728001598DD /* themoviedbUITests.swift */ = {isa = PBXFileReference; lastKnownFileType = sourcecode.swift; path = themoviedbUITests.swift; sourceTree = "<group>"; };
		46C8C64F2B0C8728001598DD /* themoviedbUITestsLaunchTests.swift */ = {isa = PBXFileReference; lastKnownFileType = sourcecode.swift; path = themoviedbUITestsLaunchTests.swift; sourceTree = "<group>"; };
		46C8C65E2B0C879C001598DD /* NetworkManager.swift */ = {isa = PBXFileReference; lastKnownFileType = sourcecode.swift; path = NetworkManager.swift; sourceTree = "<group>"; };
		46C8C6602B0C87EA001598DD /* NetworkSession.swift */ = {isa = PBXFileReference; lastKnownFileType = sourcecode.swift; path = NetworkSession.swift; sourceTree = "<group>"; };
		46C8C6622B0C8941001598DD /* NetworkUtils.swift */ = {isa = PBXFileReference; lastKnownFileType = sourcecode.swift; path = NetworkUtils.swift; sourceTree = "<group>"; };
		46C8C6642B0C8B43001598DD /* ApiRequest.swift */ = {isa = PBXFileReference; lastKnownFileType = sourcecode.swift; path = ApiRequest.swift; sourceTree = "<group>"; };
		46C8C6662B0C8BCF001598DD /* NetworkEncoding.swift */ = {isa = PBXFileReference; lastKnownFileType = sourcecode.swift; path = NetworkEncoding.swift; sourceTree = "<group>"; };
		46C8C6692B0C90E7001598DD /* MovieService.swift */ = {isa = PBXFileReference; lastKnownFileType = sourcecode.swift; path = MovieService.swift; sourceTree = "<group>"; };
		46C8C66B2B0C91D1001598DD /* Constants.swift */ = {isa = PBXFileReference; lastKnownFileType = sourcecode.swift; path = Constants.swift; sourceTree = "<group>"; };
		46C8C6702B0C9595001598DD /* TvShowViewModel.swift */ = {isa = PBXFileReference; lastKnownFileType = sourcecode.swift; path = TvShowViewModel.swift; sourceTree = "<group>"; };
		46C8C6722B0C961B001598DD /* MovieProvider.swift */ = {isa = PBXFileReference; lastKnownFileType = sourcecode.swift; path = MovieProvider.swift; sourceTree = "<group>"; };
		46C8C6742B0C966F001598DD /* TVShowModel.swift */ = {isa = PBXFileReference; lastKnownFileType = sourcecode.swift; path = TVShowModel.swift; sourceTree = "<group>"; };
		46C8C6762B0C9B4A001598DD /* SeasonDetailModel.swift */ = {isa = PBXFileReference; lastKnownFileType = sourcecode.swift; path = SeasonDetailModel.swift; sourceTree = "<group>"; };
		46C8C6782B0CA37E001598DD /* Network-Extension.swift */ = {isa = PBXFileReference; lastKnownFileType = sourcecode.swift; path = "Network-Extension.swift"; sourceTree = "<group>"; };
		46C8C67A2B0CA4FC001598DD /* TVShowDetailModel.swift */ = {isa = PBXFileReference; lastKnownFileType = sourcecode.swift; path = TVShowDetailModel.swift; sourceTree = "<group>"; };
		46C8C67E2B0CB934001598DD /* ShowDetailViewModel.swift */ = {isa = PBXFileReference; lastKnownFileType = sourcecode.swift; path = ShowDetailViewModel.swift; sourceTree = "<group>"; };
		4ABCBB352B0E4CF0008E1C56 /* ShowDetailView.swift */ = {isa = PBXFileReference; lastKnownFileType = sourcecode.swift; path = ShowDetailView.swift; sourceTree = "<group>"; };
		4ABCBB3C2B0E588F008E1C56 /* Extensions.swift */ = {isa = PBXFileReference; lastKnownFileType = sourcecode.swift; path = Extensions.swift; sourceTree = "<group>"; };
		4ABCBB3F2B0E6E95008E1C56 /* VideoPlayerView.swift */ = {isa = PBXFileReference; lastKnownFileType = sourcecode.swift; path = VideoPlayerView.swift; sourceTree = "<group>"; };
		4ABCBB412B0E7015008E1C56 /* TabPagerView.swift */ = {isa = PBXFileReference; lastKnownFileType = sourcecode.swift; path = TabPagerView.swift; sourceTree = "<group>"; };
		4ABCBB432B0E777C008E1C56 /* EpisodeView.swift */ = {isa = PBXFileReference; lastKnownFileType = sourcecode.swift; path = EpisodeView.swift; sourceTree = "<group>"; };
		4ABCBB462B0E818A008E1C56 /* ActivityIndicatorView.swift */ = {isa = PBXFileReference; lastKnownFileType = sourcecode.swift; path = ActivityIndicatorView.swift; sourceTree = "<group>"; };
		4ABCBB482B0E8736008E1C56 /* CustomLoader.swift */ = {isa = PBXFileReference; lastKnownFileType = sourcecode.swift; path = CustomLoader.swift; sourceTree = "<group>"; };
		4AC46E4D2B0DEB5C00E66A8A /* TVShowsHomeView.swift */ = {isa = PBXFileReference; lastKnownFileType = sourcecode.swift; path = TVShowsHomeView.swift; sourceTree = "<group>"; };
		4AC46E502B0E283300E66A8A /* RemoteImageView.swift */ = {isa = PBXFileReference; lastKnownFileType = sourcecode.swift; path = RemoteImageView.swift; sourceTree = "<group>"; };
/* End PBXFileReference section */

/* Begin PBXFrameworksBuildPhase section */
		46C8C6262B0C8725001598DD /* Frameworks */ = {
			isa = PBXFrameworksBuildPhase;
			buildActionMask = 2147483647;
			files = (
			);
			runOnlyForDeploymentPostprocessing = 0;
		};
		46C8C63C2B0C8728001598DD /* Frameworks */ = {
			isa = PBXFrameworksBuildPhase;
			buildActionMask = 2147483647;
			files = (
			);
			runOnlyForDeploymentPostprocessing = 0;
		};
		46C8C6462B0C8728001598DD /* Frameworks */ = {
			isa = PBXFrameworksBuildPhase;
			buildActionMask = 2147483647;
			files = (
			);
			runOnlyForDeploymentPostprocessing = 0;
		};
/* End PBXFrameworksBuildPhase section */

/* Begin PBXGroup section */
		37E356632B0D23BD001E56C8 /* Fonts */ = {
			isa = PBXGroup;
			children = (
				3701CF8C2B0ED456000D8EB0 /* Montserrat-SemiBold.ttf */,
				37E356642B0D23BD001E56C8 /* Montserrat-Medium.ttf */,
				37E356662B0D23BD001E56C8 /* Montserrat-Bold.ttf */,
				37E3566A2B0D23BD001E56C8 /* Montserrat-Regular.ttf */,
			);
			path = Fonts;
			sourceTree = "<group>";
		};
		37E3567D2B0D2D9C001E56C8 /* Screens */ = {
			isa = PBXGroup;
			children = (
				46C8C66D2B0C951C001598DD /* TvShowHome */,
				46C8C66E2B0C9527001598DD /* TvShowDetail */,
				4ABCBB3E2B0E6E66008E1C56 /* VideoPlayer */,
			);
			path = Screens;
			sourceTree = "<group>";
		};
		37E3567E2B0D2DB2001E56C8 /* Resources */ = {
			isa = PBXGroup;
			children = (
				46C8C6352B0C8727001598DD /* Assets.xcassets */,
				37E356632B0D23BD001E56C8 /* Fonts */,
			);
			path = Resources;
			sourceTree = "<group>";
		};
		37E356812B0D2EA4001E56C8 /* ViewModel */ = {
			isa = PBXGroup;
			children = (
				46C8C6702B0C9595001598DD /* TvShowViewModel.swift */,
			);
			path = ViewModel;
			sourceTree = "<group>";
		};
		46C8C6202B0C8725001598DD = {
			isa = PBXGroup;
			children = (
				46C8C62B2B0C8725001598DD /* themoviedb */,
				46C8C6422B0C8728001598DD /* themoviedbTests */,
				46C8C64C2B0C8728001598DD /* themoviedbUITests */,
				46C8C62A2B0C8725001598DD /* Products */,
			);
			sourceTree = "<group>";
		};
		46C8C62A2B0C8725001598DD /* Products */ = {
			isa = PBXGroup;
			children = (
				46C8C6292B0C8725001598DD /* themoviedb.app */,
				46C8C63F2B0C8728001598DD /* themoviedbTests.xctest */,
				46C8C6492B0C8728001598DD /* themoviedbUITests.xctest */,
			);
			name = Products;
			sourceTree = "<group>";
		};
		46C8C62B2B0C8725001598DD /* themoviedb */ = {
			isa = PBXGroup;
			children = (
				37E3567E2B0D2DB2001E56C8 /* Resources */,
				46C8C65D2B0C873F001598DD /* Common */,
				37E3567D2B0D2D9C001E56C8 /* Screens */,
				46C8C65C2B0C8733001598DD /* Networking */,
				46C8C6682B0C9075001598DD /* Services */,
				46C8C66F2B0C9544001598DD /* AppDelegate */,
				46C8C6322B0C8725001598DD /* Main.storyboard */,
				46C8C6372B0C8727001598DD /* LaunchScreen.storyboard */,
				46C8C63A2B0C8727001598DD /* Info.plist */,
			);
			path = themoviedb;
			sourceTree = "<group>";
		};
		46C8C6422B0C8728001598DD /* themoviedbTests */ = {
			isa = PBXGroup;
			children = (
				46C8C6432B0C8728001598DD /* themoviedbTests.swift */,
			);
			path = themoviedbTests;
			sourceTree = "<group>";
		};
		46C8C64C2B0C8728001598DD /* themoviedbUITests */ = {
			isa = PBXGroup;
			children = (
				46C8C64D2B0C8728001598DD /* themoviedbUITests.swift */,
				46C8C64F2B0C8728001598DD /* themoviedbUITestsLaunchTests.swift */,
			);
			path = themoviedbUITests;
			sourceTree = "<group>";
		};
		46C8C65C2B0C8733001598DD /* Networking */ = {
			isa = PBXGroup;
			children = (
				46C8C65E2B0C879C001598DD /* NetworkManager.swift */,
				46C8C6602B0C87EA001598DD /* NetworkSession.swift */,
				46C8C6622B0C8941001598DD /* NetworkUtils.swift */,
				46C8C6782B0CA37E001598DD /* Network-Extension.swift */,
				46C8C6642B0C8B43001598DD /* ApiRequest.swift */,
				46C8C6662B0C8BCF001598DD /* NetworkEncoding.swift */,
			);
			path = Networking;
			sourceTree = "<group>";
		};
		46C8C65D2B0C873F001598DD /* Common */ = {
			isa = PBXGroup;
			children = (
				4ABCBB452B0E8166008E1C56 /* UIKit+wrappers */,
				4ABCBB3B2B0E587D008E1C56 /* Entensions */,
				4AC46E4F2B0E281500E66A8A /* Views */,
				46C8C66B2B0C91D1001598DD /* Constants.swift */,
			);
			path = Common;
			sourceTree = "<group>";
		};
		46C8C6682B0C9075001598DD /* Services */ = {
			isa = PBXGroup;
			children = (
				46C8C6692B0C90E7001598DD /* MovieService.swift */,
				46C8C6722B0C961B001598DD /* MovieProvider.swift */,
			);
			path = Services;
			sourceTree = "<group>";
		};
		46C8C66D2B0C951C001598DD /* TvShowHome */ = {
			isa = PBXGroup;
			children = (
				4AC46E4C2B0DEA7000E66A8A /* Views */,
				46C8C67D2B0CA532001598DD /* Model */,
				37E356812B0D2EA4001E56C8 /* ViewModel */,
			);
			path = TvShowHome;
			sourceTree = "<group>";
		};
		46C8C66E2B0C9527001598DD /* TvShowDetail */ = {
			isa = PBXGroup;
			children = (
				4ABCBB342B0E4CD9008E1C56 /* Views */,
				46C8C67C2B0CA524001598DD /* Model */,
				4ABCBB372B0E4D08008E1C56 /* ViewModel */,
			);
			path = TvShowDetail;
			sourceTree = "<group>";
		};
		46C8C66F2B0C9544001598DD /* AppDelegate */ = {
			isa = PBXGroup;
			children = (
				46C8C62C2B0C8725001598DD /* AppDelegate.swift */,
				46C8C62E2B0C8725001598DD /* SceneDelegate.swift */,
			);
			path = AppDelegate;
			sourceTree = "<group>";
		};
		46C8C67C2B0CA524001598DD /* Model */ = {
			isa = PBXGroup;
			children = (
				46C8C6762B0C9B4A001598DD /* SeasonDetailModel.swift */,
				46C8C67A2B0CA4FC001598DD /* TVShowDetailModel.swift */,
			);
			path = Model;
			sourceTree = "<group>";
		};
		46C8C67D2B0CA532001598DD /* Model */ = {
			isa = PBXGroup;
			children = (
				46C8C6742B0C966F001598DD /* TVShowModel.swift */,
			);
			path = Model;
			sourceTree = "<group>";
		};
		4ABCBB342B0E4CD9008E1C56 /* Views */ = {
			isa = PBXGroup;
			children = (
				4ABCBB352B0E4CF0008E1C56 /* ShowDetailView.swift */,
				4ABCBB432B0E777C008E1C56 /* EpisodeView.swift */,
			);
			path = Views;
			sourceTree = "<group>";
		};
		4ABCBB372B0E4D08008E1C56 /* ViewModel */ = {
			isa = PBXGroup;
			children = (
				46C8C67E2B0CB934001598DD /* ShowDetailViewModel.swift */,
			);
			path = ViewModel;
			sourceTree = "<group>";
		};
		4ABCBB3B2B0E587D008E1C56 /* Entensions */ = {
			isa = PBXGroup;
			children = (
				4ABCBB3C2B0E588F008E1C56 /* Extensions.swift */,
				3701CF8A2B0ED21C000D8EB0 /* CustomFontModifier.swift */,
			);
			path = Entensions;
			sourceTree = "<group>";
		};
		4ABCBB3E2B0E6E66008E1C56 /* VideoPlayer */ = {
			isa = PBXGroup;
			children = (
				4ABCBB3F2B0E6E95008E1C56 /* VideoPlayerView.swift */,
			);
			path = VideoPlayer;
			sourceTree = "<group>";
		};
		4ABCBB452B0E8166008E1C56 /* UIKit+wrappers */ = {
			isa = PBXGroup;
			children = (
				4ABCBB462B0E818A008E1C56 /* ActivityIndicatorView.swift */,
			);
			path = "UIKit+wrappers";
			sourceTree = "<group>";
		};
		4AC46E4C2B0DEA7000E66A8A /* Views */ = {
			isa = PBXGroup;
			children = (
				4AC46E4D2B0DEB5C00E66A8A /* TVShowsHomeView.swift */,
			);
			path = Views;
			sourceTree = "<group>";
		};
		4AC46E4F2B0E281500E66A8A /* Views */ = {
			isa = PBXGroup;
			children = (
				4AC46E502B0E283300E66A8A /* RemoteImageView.swift */,
				4ABCBB412B0E7015008E1C56 /* TabPagerView.swift */,
				4ABCBB482B0E8736008E1C56 /* CustomLoader.swift */,
			);
			path = Views;
			sourceTree = "<group>";
		};
/* End PBXGroup section */

/* Begin PBXNativeTarget section */
		46C8C6282B0C8725001598DD /* themoviedb */ = {
			isa = PBXNativeTarget;
			buildConfigurationList = 46C8C6532B0C8728001598DD /* Build configuration list for PBXNativeTarget "themoviedb" */;
			buildPhases = (
				46C8C6252B0C8725001598DD /* Sources */,
				46C8C6262B0C8725001598DD /* Frameworks */,
				46C8C6272B0C8725001598DD /* Resources */,
			);
			buildRules = (
			);
			dependencies = (
			);
			name = themoviedb;
			productName = themoviedb;
			productReference = 46C8C6292B0C8725001598DD /* themoviedb.app */;
			productType = "com.apple.product-type.application";
		};
		46C8C63E2B0C8728001598DD /* themoviedbTests */ = {
			isa = PBXNativeTarget;
			buildConfigurationList = 46C8C6562B0C8728001598DD /* Build configuration list for PBXNativeTarget "themoviedbTests" */;
			buildPhases = (
				46C8C63B2B0C8728001598DD /* Sources */,
				46C8C63C2B0C8728001598DD /* Frameworks */,
				46C8C63D2B0C8728001598DD /* Resources */,
			);
			buildRules = (
			);
			dependencies = (
				46C8C6412B0C8728001598DD /* PBXTargetDependency */,
			);
			name = themoviedbTests;
			productName = themoviedbTests;
			productReference = 46C8C63F2B0C8728001598DD /* themoviedbTests.xctest */;
			productType = "com.apple.product-type.bundle.unit-test";
		};
		46C8C6482B0C8728001598DD /* themoviedbUITests */ = {
			isa = PBXNativeTarget;
			buildConfigurationList = 46C8C6592B0C8728001598DD /* Build configuration list for PBXNativeTarget "themoviedbUITests" */;
			buildPhases = (
				46C8C6452B0C8728001598DD /* Sources */,
				46C8C6462B0C8728001598DD /* Frameworks */,
				46C8C6472B0C8728001598DD /* Resources */,
			);
			buildRules = (
			);
			dependencies = (
				46C8C64B2B0C8728001598DD /* PBXTargetDependency */,
			);
			name = themoviedbUITests;
			productName = themoviedbUITests;
			productReference = 46C8C6492B0C8728001598DD /* themoviedbUITests.xctest */;
			productType = "com.apple.product-type.bundle.ui-testing";
		};
/* End PBXNativeTarget section */

/* Begin PBXProject section */
		46C8C6212B0C8725001598DD /* Project object */ = {
			isa = PBXProject;
			attributes = {
				BuildIndependentTargetsInParallel = 1;
				LastSwiftUpdateCheck = 1500;
				LastUpgradeCheck = 1500;
				TargetAttributes = {
					46C8C6282B0C8725001598DD = {
						CreatedOnToolsVersion = 15.0;
						LastSwiftMigration = 1500;
					};
					46C8C63E2B0C8728001598DD = {
						CreatedOnToolsVersion = 15.0;
						TestTargetID = 46C8C6282B0C8725001598DD;
					};
					46C8C6482B0C8728001598DD = {
						CreatedOnToolsVersion = 15.0;
						TestTargetID = 46C8C6282B0C8725001598DD;
					};
				};
			};
			buildConfigurationList = 46C8C6242B0C8725001598DD /* Build configuration list for PBXProject "themoviedb" */;
			compatibilityVersion = "Xcode 14.0";
			developmentRegion = en;
			hasScannedForEncodings = 0;
			knownRegions = (
				en,
				Base,
				ar,
			);
			mainGroup = 46C8C6202B0C8725001598DD;
			productRefGroup = 46C8C62A2B0C8725001598DD /* Products */;
			projectDirPath = "";
			projectRoot = "";
			targets = (
				46C8C6282B0C8725001598DD /* themoviedb */,
				46C8C63E2B0C8728001598DD /* themoviedbTests */,
				46C8C6482B0C8728001598DD /* themoviedbUITests */,
			);
		};
/* End PBXProject section */

/* Begin PBXResourcesBuildPhase section */
		46C8C6272B0C8725001598DD /* Resources */ = {
			isa = PBXResourcesBuildPhase;
			buildActionMask = 2147483647;
			files = (
				46C8C6392B0C8727001598DD /* LaunchScreen.storyboard in Resources */,
				46C8C6362B0C8727001598DD /* Assets.xcassets in Resources */,
				37E356712B0D23BD001E56C8 /* Montserrat-Regular.ttf in Resources */,
				3701CF8D2B0ED456000D8EB0 /* Montserrat-SemiBold.ttf in Resources */,
				37E3566D2B0D23BD001E56C8 /* Montserrat-Bold.ttf in Resources */,
				37E3566B2B0D23BD001E56C8 /* Montserrat-Medium.ttf in Resources */,
				46C8C6342B0C8725001598DD /* Main.storyboard in Resources */,
			);
			runOnlyForDeploymentPostprocessing = 0;
		};
		46C8C63D2B0C8728001598DD /* Resources */ = {
			isa = PBXResourcesBuildPhase;
			buildActionMask = 2147483647;
			files = (
			);
			runOnlyForDeploymentPostprocessing = 0;
		};
		46C8C6472B0C8728001598DD /* Resources */ = {
			isa = PBXResourcesBuildPhase;
			buildActionMask = 2147483647;
			files = (
			);
			runOnlyForDeploymentPostprocessing = 0;
		};
/* End PBXResourcesBuildPhase section */

/* Begin PBXSourcesBuildPhase section */
		46C8C6252B0C8725001598DD /* Sources */ = {
			isa = PBXSourcesBuildPhase;
			buildActionMask = 2147483647;
			files = (
				46C8C65F2B0C879C001598DD /* NetworkManager.swift in Sources */,
				4ABCBB442B0E777C008E1C56 /* EpisodeView.swift in Sources */,
				46C8C67B2B0CA4FC001598DD /* TVShowDetailModel.swift in Sources */,
				46C8C6672B0C8BCF001598DD /* NetworkEncoding.swift in Sources */,
				46C8C6612B0C87EA001598DD /* NetworkSession.swift in Sources */,
				4ABCBB362B0E4CF0008E1C56 /* ShowDetailView.swift in Sources */,
				46C8C6712B0C9595001598DD /* TvShowViewModel.swift in Sources */,
				46C8C6792B0CA37E001598DD /* Network-Extension.swift in Sources */,
				4ABCBB422B0E7015008E1C56 /* TabPagerView.swift in Sources */,
				4AC46E512B0E283300E66A8A /* RemoteImageView.swift in Sources */,
				3701CF8B2B0ED21C000D8EB0 /* CustomFontModifier.swift in Sources */,
				46C8C62D2B0C8725001598DD /* AppDelegate.swift in Sources */,
				46C8C66C2B0C91D1001598DD /* Constants.swift in Sources */,
				4ABCBB472B0E818A008E1C56 /* ActivityIndicatorView.swift in Sources */,
				4AC46E4E2B0DEB5C00E66A8A /* TVShowsHomeView.swift in Sources */,
				4ABCBB492B0E8736008E1C56 /* CustomLoader.swift in Sources */,
				46C8C6632B0C8941001598DD /* NetworkUtils.swift in Sources */,
				46C8C66A2B0C90E7001598DD /* MovieService.swift in Sources */,
				46C8C6772B0C9B4A001598DD /* SeasonDetailModel.swift in Sources */,
				46C8C67F2B0CB934001598DD /* ShowDetailViewModel.swift in Sources */,
				4ABCBB3D2B0E588F008E1C56 /* Extensions.swift in Sources */,
				46C8C6732B0C961B001598DD /* MovieProvider.swift in Sources */,
				4ABCBB402B0E6E95008E1C56 /* VideoPlayerView.swift in Sources */,
				46C8C6652B0C8B43001598DD /* ApiRequest.swift in Sources */,
				46C8C6752B0C966F001598DD /* TVShowModel.swift in Sources */,
				46C8C62F2B0C8725001598DD /* SceneDelegate.swift in Sources */,
			);
			runOnlyForDeploymentPostprocessing = 0;
		};
		46C8C63B2B0C8728001598DD /* Sources */ = {
			isa = PBXSourcesBuildPhase;
			buildActionMask = 2147483647;
			files = (
				46C8C6442B0C8728001598DD /* themoviedbTests.swift in Sources */,
			);
			runOnlyForDeploymentPostprocessing = 0;
		};
		46C8C6452B0C8728001598DD /* Sources */ = {
			isa = PBXSourcesBuildPhase;
			buildActionMask = 2147483647;
			files = (
				46C8C64E2B0C8728001598DD /* themoviedbUITests.swift in Sources */,
				46C8C6502B0C8728001598DD /* themoviedbUITestsLaunchTests.swift in Sources */,
			);
			runOnlyForDeploymentPostprocessing = 0;
		};
/* End PBXSourcesBuildPhase section */

/* Begin PBXTargetDependency section */
		46C8C6412B0C8728001598DD /* PBXTargetDependency */ = {
			isa = PBXTargetDependency;
			target = 46C8C6282B0C8725001598DD /* themoviedb */;
			targetProxy = 46C8C6402B0C8728001598DD /* PBXContainerItemProxy */;
		};
		46C8C64B2B0C8728001598DD /* PBXTargetDependency */ = {
			isa = PBXTargetDependency;
			target = 46C8C6282B0C8725001598DD /* themoviedb */;
			targetProxy = 46C8C64A2B0C8728001598DD /* PBXContainerItemProxy */;
		};
/* End PBXTargetDependency section */

/* Begin PBXVariantGroup section */
		46C8C6322B0C8725001598DD /* Main.storyboard */ = {
			isa = PBXVariantGroup;
			children = (
				46C8C6332B0C8725001598DD /* Base */,
			);
			name = Main.storyboard;
			sourceTree = "<group>";
		};
		46C8C6372B0C8727001598DD /* LaunchScreen.storyboard */ = {
			isa = PBXVariantGroup;
			children = (
				46C8C6382B0C8727001598DD /* Base */,
			);
			name = LaunchScreen.storyboard;
			sourceTree = "<group>";
		};
/* End PBXVariantGroup section */

/* Begin XCBuildConfiguration section */
		46C8C6512B0C8728001598DD /* Debug */ = {
			isa = XCBuildConfiguration;
			buildSettings = {
				ALWAYS_SEARCH_USER_PATHS = NO;
				ASSETCATALOG_COMPILER_GENERATE_SWIFT_ASSET_SYMBOL_EXTENSIONS = YES;
				CLANG_ANALYZER_NONNULL = YES;
				CLANG_ANALYZER_NUMBER_OBJECT_CONVERSION = YES_AGGRESSIVE;
				CLANG_CXX_LANGUAGE_STANDARD = "gnu++20";
				CLANG_ENABLE_MODULES = YES;
				CLANG_ENABLE_OBJC_ARC = YES;
				CLANG_ENABLE_OBJC_WEAK = YES;
				CLANG_WARN_BLOCK_CAPTURE_AUTORELEASING = YES;
				CLANG_WARN_BOOL_CONVERSION = YES;
				CLANG_WARN_COMMA = YES;
				CLANG_WARN_CONSTANT_CONVERSION = YES;
				CLANG_WARN_DEPRECATED_OBJC_IMPLEMENTATIONS = YES;
				CLANG_WARN_DIRECT_OBJC_ISA_USAGE = YES_ERROR;
				CLANG_WARN_DOCUMENTATION_COMMENTS = YES;
				CLANG_WARN_EMPTY_BODY = YES;
				CLANG_WARN_ENUM_CONVERSION = YES;
				CLANG_WARN_INFINITE_RECURSION = YES;
				CLANG_WARN_INT_CONVERSION = YES;
				CLANG_WARN_NON_LITERAL_NULL_CONVERSION = YES;
				CLANG_WARN_OBJC_IMPLICIT_RETAIN_SELF = YES;
				CLANG_WARN_OBJC_LITERAL_CONVERSION = YES;
				CLANG_WARN_OBJC_ROOT_CLASS = YES_ERROR;
				CLANG_WARN_QUOTED_INCLUDE_IN_FRAMEWORK_HEADER = YES;
				CLANG_WARN_RANGE_LOOP_ANALYSIS = YES;
				CLANG_WARN_STRICT_PROTOTYPES = YES;
				CLANG_WARN_SUSPICIOUS_MOVE = YES;
				CLANG_WARN_UNGUARDED_AVAILABILITY = YES_AGGRESSIVE;
				CLANG_WARN_UNREACHABLE_CODE = YES;
				CLANG_WARN__DUPLICATE_METHOD_MATCH = YES;
				COPY_PHASE_STRIP = NO;
				DEBUG_INFORMATION_FORMAT = dwarf;
				ENABLE_STRICT_OBJC_MSGSEND = YES;
				ENABLE_TESTABILITY = YES;
				ENABLE_USER_SCRIPT_SANDBOXING = YES;
				GCC_C_LANGUAGE_STANDARD = gnu17;
				GCC_DYNAMIC_NO_PIC = NO;
				GCC_NO_COMMON_BLOCKS = YES;
				GCC_OPTIMIZATION_LEVEL = 0;
				GCC_PREPROCESSOR_DEFINITIONS = (
					"DEBUG=1",
					"$(inherited)",
				);
				GCC_WARN_64_TO_32_BIT_CONVERSION = YES;
				GCC_WARN_ABOUT_RETURN_TYPE = YES_ERROR;
				GCC_WARN_UNDECLARED_SELECTOR = YES;
				GCC_WARN_UNINITIALIZED_AUTOS = YES_AGGRESSIVE;
				GCC_WARN_UNUSED_FUNCTION = YES;
				GCC_WARN_UNUSED_VARIABLE = YES;
				IPHONEOS_DEPLOYMENT_TARGET = 16.0;
				LOCALIZATION_PREFERS_STRING_CATALOGS = YES;
				MTL_ENABLE_DEBUG_INFO = INCLUDE_SOURCE;
				MTL_FAST_MATH = YES;
				ONLY_ACTIVE_ARCH = YES;
				SDKROOT = iphoneos;
				SWIFT_ACTIVE_COMPILATION_CONDITIONS = "DEBUG $(inherited)";
				SWIFT_OPTIMIZATION_LEVEL = "-Onone";
			};
			name = Debug;
		};
		46C8C6522B0C8728001598DD /* Release */ = {
			isa = XCBuildConfiguration;
			buildSettings = {
				ALWAYS_SEARCH_USER_PATHS = NO;
				ASSETCATALOG_COMPILER_GENERATE_SWIFT_ASSET_SYMBOL_EXTENSIONS = YES;
				CLANG_ANALYZER_NONNULL = YES;
				CLANG_ANALYZER_NUMBER_OBJECT_CONVERSION = YES_AGGRESSIVE;
				CLANG_CXX_LANGUAGE_STANDARD = "gnu++20";
				CLANG_ENABLE_MODULES = YES;
				CLANG_ENABLE_OBJC_ARC = YES;
				CLANG_ENABLE_OBJC_WEAK = YES;
				CLANG_WARN_BLOCK_CAPTURE_AUTORELEASING = YES;
				CLANG_WARN_BOOL_CONVERSION = YES;
				CLANG_WARN_COMMA = YES;
				CLANG_WARN_CONSTANT_CONVERSION = YES;
				CLANG_WARN_DEPRECATED_OBJC_IMPLEMENTATIONS = YES;
				CLANG_WARN_DIRECT_OBJC_ISA_USAGE = YES_ERROR;
				CLANG_WARN_DOCUMENTATION_COMMENTS = YES;
				CLANG_WARN_EMPTY_BODY = YES;
				CLANG_WARN_ENUM_CONVERSION = YES;
				CLANG_WARN_INFINITE_RECURSION = YES;
				CLANG_WARN_INT_CONVERSION = YES;
				CLANG_WARN_NON_LITERAL_NULL_CONVERSION = YES;
				CLANG_WARN_OBJC_IMPLICIT_RETAIN_SELF = YES;
				CLANG_WARN_OBJC_LITERAL_CONVERSION = YES;
				CLANG_WARN_OBJC_ROOT_CLASS = YES_ERROR;
				CLANG_WARN_QUOTED_INCLUDE_IN_FRAMEWORK_HEADER = YES;
				CLANG_WARN_RANGE_LOOP_ANALYSIS = YES;
				CLANG_WARN_STRICT_PROTOTYPES = YES;
				CLANG_WARN_SUSPICIOUS_MOVE = YES;
				CLANG_WARN_UNGUARDED_AVAILABILITY = YES_AGGRESSIVE;
				CLANG_WARN_UNREACHABLE_CODE = YES;
				CLANG_WARN__DUPLICATE_METHOD_MATCH = YES;
				COPY_PHASE_STRIP = NO;
				DEBUG_INFORMATION_FORMAT = "dwarf-with-dsym";
				ENABLE_NS_ASSERTIONS = NO;
				ENABLE_STRICT_OBJC_MSGSEND = YES;
				ENABLE_USER_SCRIPT_SANDBOXING = YES;
				GCC_C_LANGUAGE_STANDARD = gnu17;
				GCC_NO_COMMON_BLOCKS = YES;
				GCC_WARN_64_TO_32_BIT_CONVERSION = YES;
				GCC_WARN_ABOUT_RETURN_TYPE = YES_ERROR;
				GCC_WARN_UNDECLARED_SELECTOR = YES;
				GCC_WARN_UNINITIALIZED_AUTOS = YES_AGGRESSIVE;
				GCC_WARN_UNUSED_FUNCTION = YES;
				GCC_WARN_UNUSED_VARIABLE = YES;
				IPHONEOS_DEPLOYMENT_TARGET = 16.0;
				LOCALIZATION_PREFERS_STRING_CATALOGS = YES;
				MTL_ENABLE_DEBUG_INFO = NO;
				MTL_FAST_MATH = YES;
				SDKROOT = iphoneos;
				SWIFT_COMPILATION_MODE = wholemodule;
				VALIDATE_PRODUCT = YES;
			};
			name = Release;
		};
		46C8C6542B0C8728001598DD /* Debug */ = {
			isa = XCBuildConfiguration;
			buildSettings = {
				ASSETCATALOG_COMPILER_APPICON_NAME = AppIcon;
				ASSETCATALOG_COMPILER_GLOBAL_ACCENT_COLOR_NAME = AccentColor;
				CLANG_ENABLE_MODULES = YES;
				CODE_SIGN_STYLE = Automatic;
				CURRENT_PROJECT_VERSION = 1;
				GENERATE_INFOPLIST_FILE = YES;
				INFOPLIST_FILE = themoviedb/Info.plist;
				INFOPLIST_KEY_UIApplicationSupportsIndirectInputEvents = YES;
				INFOPLIST_KEY_UILaunchStoryboardName = LaunchScreen;
				INFOPLIST_KEY_UIMainStoryboardFile = Main;
				INFOPLIST_KEY_UISupportedInterfaceOrientations = UIInterfaceOrientationPortrait;
				LD_RUNPATH_SEARCH_PATHS = (
					"$(inherited)",
					"@executable_path/Frameworks",
				);
				MARKETING_VERSION = 1.0;
				PRODUCT_BUNDLE_IDENTIFIER = com.starzplay.themoviedb;
				PRODUCT_NAME = "$(TARGET_NAME)";
				SUPPORTED_PLATFORMS = "iphoneos iphonesimulator";
				SUPPORTS_MACCATALYST = NO;
				SUPPORTS_MAC_DESIGNED_FOR_IPHONE_IPAD = NO;
				SWIFT_EMIT_LOC_STRINGS = YES;
				SWIFT_OPTIMIZATION_LEVEL = "-Onone";
				SWIFT_VERSION = 5.0;
				TARGETED_DEVICE_FAMILY = 1;
			};
			name = Debug;
		};
		46C8C6552B0C8728001598DD /* Release */ = {
			isa = XCBuildConfiguration;
			buildSettings = {
				ASSETCATALOG_COMPILER_APPICON_NAME = AppIcon;
				ASSETCATALOG_COMPILER_GLOBAL_ACCENT_COLOR_NAME = AccentColor;
				CLANG_ENABLE_MODULES = YES;
				CODE_SIGN_STYLE = Automatic;
				CURRENT_PROJECT_VERSION = 1;
				GENERATE_INFOPLIST_FILE = YES;
				INFOPLIST_FILE = themoviedb/Info.plist;
				INFOPLIST_KEY_UIApplicationSupportsIndirectInputEvents = YES;
				INFOPLIST_KEY_UILaunchStoryboardName = LaunchScreen;
				INFOPLIST_KEY_UIMainStoryboardFile = Main;
				INFOPLIST_KEY_UISupportedInterfaceOrientations = UIInterfaceOrientationPortrait;
				LD_RUNPATH_SEARCH_PATHS = (
					"$(inherited)",
					"@executable_path/Frameworks",
				);
				MARKETING_VERSION = 1.0;
				PRODUCT_BUNDLE_IDENTIFIER = com.starzplay.themoviedb;
				PRODUCT_NAME = "$(TARGET_NAME)";
				SUPPORTED_PLATFORMS = "iphoneos iphonesimulator";
				SUPPORTS_MACCATALYST = NO;
				SUPPORTS_MAC_DESIGNED_FOR_IPHONE_IPAD = NO;
				SWIFT_EMIT_LOC_STRINGS = YES;
				SWIFT_VERSION = 5.0;
				TARGETED_DEVICE_FAMILY = 1;
			};
			name = Release;
		};
		46C8C6572B0C8728001598DD /* Debug */ = {
			isa = XCBuildConfiguration;
			buildSettings = {
				ALWAYS_EMBED_SWIFT_STANDARD_LIBRARIES = YES;
				BUNDLE_LOADER = "$(TEST_HOST)";
				CODE_SIGN_STYLE = Automatic;
				CURRENT_PROJECT_VERSION = 1;
				GENERATE_INFOPLIST_FILE = YES;
				IPHONEOS_DEPLOYMENT_TARGET = 17.0;
				MARKETING_VERSION = 1.0;
				PRODUCT_BUNDLE_IDENTIFIER = com.starzplay.themoviedbTests;
				PRODUCT_NAME = "$(TARGET_NAME)";
				SWIFT_EMIT_LOC_STRINGS = NO;
				SWIFT_VERSION = 5.0;
				TARGETED_DEVICE_FAMILY = "1,2";
				TEST_HOST = "$(BUILT_PRODUCTS_DIR)/themoviedb.app/$(BUNDLE_EXECUTABLE_FOLDER_PATH)/themoviedb";
			};
			name = Debug;
		};
		46C8C6582B0C8728001598DD /* Release */ = {
			isa = XCBuildConfiguration;
			buildSettings = {
				ALWAYS_EMBED_SWIFT_STANDARD_LIBRARIES = YES;
				BUNDLE_LOADER = "$(TEST_HOST)";
				CODE_SIGN_STYLE = Automatic;
				CURRENT_PROJECT_VERSION = 1;
				GENERATE_INFOPLIST_FILE = YES;
				IPHONEOS_DEPLOYMENT_TARGET = 17.0;
				MARKETING_VERSION = 1.0;
				PRODUCT_BUNDLE_IDENTIFIER = com.starzplay.themoviedbTests;
				PRODUCT_NAME = "$(TARGET_NAME)";
				SWIFT_EMIT_LOC_STRINGS = NO;
				SWIFT_VERSION = 5.0;
				TARGETED_DEVICE_FAMILY = "1,2";
				TEST_HOST = "$(BUILT_PRODUCTS_DIR)/themoviedb.app/$(BUNDLE_EXECUTABLE_FOLDER_PATH)/themoviedb";
			};
			name = Release;
		};
		46C8C65A2B0C8728001598DD /* Debug */ = {
			isa = XCBuildConfiguration;
			buildSettings = {
				ALWAYS_EMBED_SWIFT_STANDARD_LIBRARIES = YES;
				CODE_SIGN_STYLE = Automatic;
				CURRENT_PROJECT_VERSION = 1;
				GENERATE_INFOPLIST_FILE = YES;
				MARKETING_VERSION = 1.0;
				PRODUCT_BUNDLE_IDENTIFIER = com.starzplay.themoviedbUITests;
				PRODUCT_NAME = "$(TARGET_NAME)";
				SWIFT_EMIT_LOC_STRINGS = NO;
				SWIFT_VERSION = 5.0;
				TARGETED_DEVICE_FAMILY = "1,2";
				TEST_TARGET_NAME = themoviedb;
			};
			name = Debug;
		};
		46C8C65B2B0C8728001598DD /* Release */ = {
			isa = XCBuildConfiguration;
			buildSettings = {
				ALWAYS_EMBED_SWIFT_STANDARD_LIBRARIES = YES;
				CODE_SIGN_STYLE = Automatic;
				CURRENT_PROJECT_VERSION = 1;
				GENERATE_INFOPLIST_FILE = YES;
				MARKETING_VERSION = 1.0;
				PRODUCT_BUNDLE_IDENTIFIER = com.starzplay.themoviedbUITests;
				PRODUCT_NAME = "$(TARGET_NAME)";
				SWIFT_EMIT_LOC_STRINGS = NO;
				SWIFT_VERSION = 5.0;
				TARGETED_DEVICE_FAMILY = "1,2";
				TEST_TARGET_NAME = themoviedb;
			};
			name = Release;
		};
/* End XCBuildConfiguration section */

/* Begin XCConfigurationList section */
		46C8C6242B0C8725001598DD /* Build configuration list for PBXProject "themoviedb" */ = {
			isa = XCConfigurationList;
			buildConfigurations = (
				46C8C6512B0C8728001598DD /* Debug */,
				46C8C6522B0C8728001598DD /* Release */,
			);
			defaultConfigurationIsVisible = 0;
			defaultConfigurationName = Release;
		};
		46C8C6532B0C8728001598DD /* Build configuration list for PBXNativeTarget "themoviedb" */ = {
			isa = XCConfigurationList;
			buildConfigurations = (
				46C8C6542B0C8728001598DD /* Debug */,
				46C8C6552B0C8728001598DD /* Release */,
			);
			defaultConfigurationIsVisible = 0;
			defaultConfigurationName = Release;
		};
		46C8C6562B0C8728001598DD /* Build configuration list for PBXNativeTarget "themoviedbTests" */ = {
			isa = XCConfigurationList;
			buildConfigurations = (
				46C8C6572B0C8728001598DD /* Debug */,
				46C8C6582B0C8728001598DD /* Release */,
			);
			defaultConfigurationIsVisible = 0;
			defaultConfigurationName = Release;
		};
		46C8C6592B0C8728001598DD /* Build configuration list for PBXNativeTarget "themoviedbUITests" */ = {
			isa = XCConfigurationList;
			buildConfigurations = (
				46C8C65A2B0C8728001598DD /* Debug */,
				46C8C65B2B0C8728001598DD /* Release */,
			);
			defaultConfigurationIsVisible = 0;
			defaultConfigurationName = Release;
		};
/* End XCConfigurationList section */
	};
	rootObject = 46C8C6212B0C8725001598DD /* Project object */;
}
